
Microsoft Visual Studio Solution File, Format Version 12.00
# Visual Studio Version 17
VisualStudioVersion = 17.9.34723.18
MinimumVisualStudioVersion = 10.0.40219.1
Project("{9A19103F-16F7-4668-BE54-9A1E7A4F7556}") = "YouTube.AspNetCore.Tutorial.Basic", "YouTube.AspNetCore.Tutorial.Basic\YouTube.AspNetCore.Tutorial.Basic.csproj", "{BCF3C676-9F84-4078-8704-E8DCAC605505}"
EndProject
Global
	GlobalSection(SolutionConfigurationPlatforms) = preSolution
		Debug|Any CPU = Debug|Any CPU
		Release|Any CPU = Release|Any CPU
	EndGlobalSection
	GlobalSection(ProjectConfigurationPlatforms) = postSolution
		{BCF3C676-9F84-4078-8704-E8DCAC605505}.Debug|Any CPU.ActiveCfg = Debug|Any CPU
		{BCF3C676-9F84-4078-8704-E8DCAC605505}.Debug|Any CPU.Build.0 = Debug|Any CPU
		{BCF3C676-9F84-4078-8704-E8DCAC605505}.Release|Any CPU.ActiveCfg = Release|Any CPU
		{BCF3C676-9F84-4078-8704-E8DCAC605505}.Release|Any CPU.Build.0 = Release|Any CPU
	EndGlobalSection
	GlobalSection(SolutionProperties) = preSolution
		HideSolutionNode = FALSE
	EndGlobalSection
	GlobalSection(ExtensibilityGlobals) = postSolution
		SolutionGuid = {BF4991CD-5273-4DB8-A273-24D23606F75D}
	EndGlobalSection
EndGlobal
